github.com/jacoelho/banking v1.4.3 h1:qi6Ib3PsM6xE9acTkSUV+YwgKXsqmE8U7F7bwO/wQ/s=
github.com/jacoelho/banking v1.4.3/go.mod h1:NF8rWMMTmtKZfKgDpsdzvXqmw9Wq9lFkxhbHaDTVh/U=
github.com/jbub/banking v0.8.0 h1:79kXJj1X2E9dWdWuFNkk2Pw7c6uYPFQS8ev0l+zMFxk=
github.com/jbub/banking v0.8.0/go.mod h1:ctv/bD2EGRR5PobFrJSXZ/FZXCFtUbmVv6v2qf/b/88=
